
Microsoft Visual Studio Solution File, Format Version 12.00
# Visual Studio Version 17
VisualStudioVersion = 17.9.34622.214
MinimumVisualStudioVersion = 10.0.40219.1
Project("{9A19103F-16F7-4668-BE54-9A1E7A4F7556}") = "PMGateway", "PMGateway\PMGateway.csproj", "{23CD6711-1EA6-4CAD-94ED-49F72D47D121}"
EndProject
Project("{FAE04EC0-301F-11D3-BF4B-00C04F79EFBC}") = "MetierPM", "MetierPM\MetierPM.csproj", "{01BB61B7-F159-4181-AD4F-CE5BE1342F53}"
EndProject
Project("{FAE04EC0-301F-11D3-BF4B-00C04F79EFBC}") = "FilePM", "FilePM\FilePM.csproj", "{D41029D7-7FC1-425D-9D5C-C8AA74809D38}"
EndProject
Global
	GlobalSection(SolutionConfigurationPlatforms) = preSolution
		Debug|Any CPU = Debug|Any CPU
		Release|Any CPU = Release|Any CPU
	EndGlobalSection
	GlobalSection(ProjectConfigurationPlatforms) = postSolution
		{23CD6711-1EA6-4CAD-94ED-49F72D47D121}.Debug|Any CPU.ActiveCfg = Debug|Any CPU
		{23CD6711-1EA6-4CAD-94ED-49F72D47D121}.Debug|Any CPU.Build.0 = Debug|Any CPU
		{23CD6711-1EA6-4CAD-94ED-49F72D47D121}.Release|Any CPU.ActiveCfg = Release|Any CPU
		{23CD6711-1EA6-4CAD-94ED-49F72D47D121}.Release|Any CPU.Build.0 = Release|Any CPU
		{01BB61B7-F159-4181-AD4F-CE5BE1342F53}.Debug|Any CPU.ActiveCfg = Debug|Any CPU
		{01BB61B7-F159-4181-AD4F-CE5BE1342F53}.Debug|Any CPU.Build.0 = Debug|Any CPU
		{01BB61B7-F159-4181-AD4F-CE5BE1342F53}.Release|Any CPU.ActiveCfg = Release|Any CPU
		{01BB61B7-F159-4181-AD4F-CE5BE1342F53}.Release|Any CPU.Build.0 = Release|Any CPU
		{D41029D7-7FC1-425D-9D5C-C8AA74809D38}.Debug|Any CPU.ActiveCfg = Debug|Any CPU
		{D41029D7-7FC1-425D-9D5C-C8AA74809D38}.Debug|Any CPU.Build.0 = Debug|Any CPU
		{D41029D7-7FC1-425D-9D5C-C8AA74809D38}.Release|Any CPU.ActiveCfg = Release|Any CPU
		{D41029D7-7FC1-425D-9D5C-C8AA74809D38}.Release|Any CPU.Build.0 = Release|Any CPU
	EndGlobalSection
	GlobalSection(SolutionProperties) = preSolution
		HideSolutionNode = FALSE
	EndGlobalSection
	GlobalSection(ExtensibilityGlobals) = postSolution
		SolutionGuid = {BC109478-D1EF-45F4-932D-87F8C9A34BD5}
	EndGlobalSection
EndGlobal
